// !$*UTF8*$!
{
	archiveVersion = 1;
	classes = {
	};
	objectVersion = 50;
	objects = {

/* Begin PBXBuildFile section */
		1177A22923A1743900CA8428 /* AppDelegate.swift in Sources */ = {isa = PBXBuildFile; fileRef = 1177A22823A1743900CA8428 /* AppDelegate.swift */; };
		1177A22B23A1743900CA8428 /* SceneDelegate.swift in Sources */ = {isa = PBXBuildFile; fileRef = 1177A22A23A1743900CA8428 /* SceneDelegate.swift */; };
		1177A22D23A1743900CA8428 /* ViewController.swift in Sources */ = {isa = PBXBuildFile; fileRef = 1177A22C23A1743900CA8428 /* ViewController.swift */; };
		1177A23223A1743900CA8428 /* Assets.xcassets in Resources */ = {isa = PBXBuildFile; fileRef = 1177A23123A1743900CA8428 /* Assets.xcassets */; };
		1177A23523A1743900CA8428 /* LaunchScreen.storyboard in Resources */ = {isa = PBXBuildFile; fileRef = 1177A23323A1743900CA8428 /* LaunchScreen.storyboard */; };
		1177A23D23A1958300CA8428 /* CardModalDismissAnimator.swift in Sources */ = {isa = PBXBuildFile; fileRef = 1177A23C23A1958300CA8428 /* CardModalDismissAnimator.swift */; };
		1177A23F23A1969B00CA8428 /* ModalViewController.swift in Sources */ = {isa = PBXBuildFile; fileRef = 1177A23E23A1969B00CA8428 /* ModalViewController.swift */; };
		1177A24123A196AF00CA8428 /* CardModalPresentAnimator.swift in Sources */ = {isa = PBXBuildFile; fileRef = 1177A24023A196AF00CA8428 /* CardModalPresentAnimator.swift */; };
		1177A24323A196CA00CA8428 /* CardPresentationCoordinator.swift in Sources */ = {isa = PBXBuildFile; fileRef = 1177A24223A196CA00CA8428 /* CardPresentationCoordinator.swift */; };
/* End PBXBuildFile section */

/* Begin PBXFileReference section */
		1177A22523A1743900CA8428 /* InteractiveViewControllerTransitionExample.app */ = {isa = PBXFileReference; explicitFileType = wrapper.application; includeInIndex = 0; path = InteractiveViewControllerTransitionExample.app; sourceTree = BUILT_PRODUCTS_DIR; };
		1177A22823A1743900CA8428 /* AppDelegate.swift */ = {isa = PBXFileReference; lastKnownFileType = sourcecode.swift; path = AppDelegate.swift; sourceTree = "<group>"; };
		1177A22A23A1743900CA8428 /* SceneDelegate.swift */ = {isa = PBXFileReference; lastKnownFileType = sourcecode.swift; path = SceneDelegate.swift; sourceTree = "<group>"; };
		1177A22C23A1743900CA8428 /* ViewController.swift */ = {isa = PBXFileReference; lastKnownFileType = sourcecode.swift; path = ViewController.swift; sourceTree = "<group>"; };
		1177A23123A1743900CA8428 /* Assets.xcassets */ = {isa = PBXFileReference; lastKnownFileType = folder.assetcatalog; path = Assets.xcassets; sourceTree = "<group>"; };
		1177A23423A1743900CA8428 /* Base */ = {isa = PBXFileReference; lastKnownFileType = file.storyboard; name = Base; path = Base.lproj/LaunchScreen.storyboard; sourceTree = "<group>"; };
		1177A23623A1743900CA8428 /* Info.plist */ = {isa = PBXFileReference; lastKnownFileType = text.plist.xml; path = Info.plist; sourceTree = "<group>"; };
		1177A23C23A1958300CA8428 /* CardModalDismissAnimator.swift */ = {isa = PBXFileReference; lastKnownFileType = sourcecode.swift; path = CardModalDismissAnimator.swift; sourceTree = "<group>"; };
		1177A23E23A1969B00CA8428 /* ModalViewController.swift */ = {isa = PBXFileReference; lastKnownFileType = sourcecode.swift; path = ModalViewController.swift; sourceTree = "<group>"; };
		1177A24023A196AF00CA8428 /* CardModalPresentAnimator.swift */ = {isa = PBXFileReference; lastKnownFileType = sourcecode.swift; path = CardModalPresentAnimator.swift; sourceTree = "<group>"; };
		1177A24223A196CA00CA8428 /* CardPresentationCoordinator.swift */ = {isa = PBXFileReference; lastKnownFileType = sourcecode.swift; path = CardPresentationCoordinator.swift; sourceTree = "<group>"; };
		1177A24423A196FA00CA8428 /* README.md */ = {isa = PBXFileReference; lastKnownFileType = net.daringfireball.markdown; path = README.md; sourceTree = "<group>"; };
/* End PBXFileReference section */

/* Begin PBXFrameworksBuildPhase section */
		1177A22223A1743900CA8428 /* Frameworks */ = {
			isa = PBXFrameworksBuildPhase;
			buildActionMask = 2147483647;
			files = (
			);
			runOnlyForDeploymentPostprocessing = 0;
		};
/* End PBXFrameworksBuildPhase section */

/* Begin PBXGroup section */
		1177A21C23A1743900CA8428 = {
			isa = PBXGroup;
			children = (
				1177A22723A1743900CA8428 /* InteractiveViewControllerTransitionExample */,
				1177A22623A1743900CA8428 /* Products */,
			);
			sourceTree = "<group>";
		};
		1177A22623A1743900CA8428 /* Products */ = {
			isa = PBXGroup;
			children = (
				1177A22523A1743900CA8428 /* InteractiveViewControllerTransitionExample.app */,
			);
			name = Products;
			sourceTree = "<group>";
		};
		1177A22723A1743900CA8428 /* InteractiveViewControllerTransitionExample */ = {
			isa = PBXGroup;
			children = (
				1177A22823A1743900CA8428 /* AppDelegate.swift */,
				1177A22A23A1743900CA8428 /* SceneDelegate.swift */,
				1177A22C23A1743900CA8428 /* ViewController.swift */,
				1177A23123A1743900CA8428 /* Assets.xcassets */,
				1177A23323A1743900CA8428 /* LaunchScreen.storyboard */,
				1177A23623A1743900CA8428 /* Info.plist */,
				1177A23C23A1958300CA8428 /* CardModalDismissAnimator.swift */,
				1177A23E23A1969B00CA8428 /* ModalViewController.swift */,
				1177A24023A196AF00CA8428 /* CardModalPresentAnimator.swift */,
				1177A24223A196CA00CA8428 /* CardPresentationCoordinator.swift */,
				1177A24423A196FA00CA8428 /* README.md */,
			);
			path = InteractiveViewControllerTransitionExample;
			sourceTree = "<group>";
		};
/* End PBXGroup section */

/* Begin PBXNativeTarget section */
		1177A22423A1743900CA8428 /* InteractiveViewControllerTransitionExample */ = {
			isa = PBXNativeTarget;
			buildConfigurationList = 1177A23923A1743900CA8428 /* Build configuration list for PBXNativeTarget "InteractiveViewControllerTransitionExample" */;
			buildPhases = (
				1177A22123A1743900CA8428 /* Sources */,
				1177A22223A1743900CA8428 /* Frameworks */,
				1177A22323A1743900CA8428 /* Resources */,
			);
			buildRules = (
			);
			dependencies = (
			);
			name = InteractiveViewControllerTransitionExample;
			productName = InteractiveViewControllerTransitionExample;
			productReference = 1177A22523A1743900CA8428 /* InteractiveViewControllerTransitionExample.app */;
			productType = "com.apple.product-type.application";
		};
/* End PBXNativeTarget section */

/* Begin PBXProject section */
		1177A21D23A1743900CA8428 /* Project object */ = {
			isa = PBXProject;
			attributes = {
				LastSwiftUpdateCheck = 1120;
				LastUpgradeCheck = 1120;
				ORGANIZATIONNAME = Ibotta;
				TargetAttributes = {
					1177A22423A1743900CA8428 = {
						CreatedOnToolsVersion = 11.2.1;
					};
				};
			};
			buildConfigurationList = 1177A22023A1743900CA8428 /* Build configuration list for PBXProject "InteractiveViewControllerTransitionExample" */;
			compatibilityVersion = "Xcode 9.3";
			developmentRegion = en;
			hasScannedForEncodings = 0;
			knownRegions = (
				en,
				Base,
			);
			mainGroup = 1177A21C23A1743900CA8428;
			productRefGroup = 1177A22623A1743900CA8428 /* Products */;
			projectDirPath = "";
			projectRoot = "";
			targets = (
				1177A22423A1743900CA8428 /* InteractiveViewControllerTransitionExample */,
			);
		};
/* End PBXProject section */

/* Begin PBXResourcesBuildPhase section */
		1177A22323A1743900CA8428 /* Resources */ = {
			isa = PBXResourcesBuildPhase;
			buildActionMask = 2147483647;
			files = (
				1177A23523A1743900CA8428 /* LaunchScreen.storyboard in Resources */,
				1177A23223A1743900CA8428 /* Assets.xcassets in Resources */,
			);
			runOnlyForDeploymentPostprocessing = 0;
		};
/* End PBXResourcesBuildPhase section */

/* Begin PBXSourcesBuildPhase section */
		1177A22123A1743900CA8428 /* Sources */ = {
			isa = PBXSourcesBuildPhase;
			buildActionMask = 2147483647;
			files = (
				1177A22D23A1743900CA8428 /* ViewController.swift in Sources */,
				1177A23F23A1969B00CA8428 /* ModalViewController.swift in Sources */,
				1177A22923A1743900CA8428 /* AppDelegate.swift in Sources */,
				1177A22B23A1743900CA8428 /* SceneDelegate.swift in Sources */,
				1177A24123A196AF00CA8428 /* CardModalPresentAnimator.swift in Sources */,
				1177A24323A196CA00CA8428 /* CardPresentationCoordinator.swift in Sources */,
				1177A23D23A1958300CA8428 /* CardModalDismissAnimator.swift in Sources */,
			);
			runOnlyForDeploymentPostprocessing = 0;
		};
/* End PBXSourcesBuildPhase section */

/* Begin PBXVariantGroup section */
		1177A23323A1743900CA8428 /* LaunchScreen.storyboard */ = {
			isa = PBXVariantGroup;
			children = (
				1177A23423A1743900CA8428 /* Base */,
			);
			name = LaunchScreen.storyboard;
			sourceTree = "<group>";
		};
/* End PBXVariantGroup section */

/* Begin XCBuildConfiguration section */
		1177A23723A1743900CA8428 /* Debug */ = {
			isa = XCBuildConfiguration;
			buildSettings = {
				ALWAYS_SEARCH_USER_PATHS = NO;
				CLANG_ANALYZER_NONNULL = YES;
				CLANG_ANALYZER_NUMBER_OBJECT_CONVERSION = YES_AGGRESSIVE;
				CLANG_CXX_LANGUAGE_STANDARD = "gnu++14";
				CLANG_CXX_LIBRARY = "libc++";
				CLANG_ENABLE_MODULES = YES;
				CLANG_ENABLE_OBJC_ARC = YES;
				CLANG_ENABLE_OBJC_WEAK = YES;
				CLANG_WARN_BLOCK_CAPTURE_AUTORELEASING = YES;
				CLANG_WARN_BOOL_CONVERSION = YES;
				CLANG_WARN_COMMA = YES;
				CLANG_WARN_CONSTANT_CONVERSION = YES;
				CLANG_WARN_DEPRECATED_OBJC_IMPLEMENTATIONS = YES;
				CLANG_WARN_DIRECT_OBJC_ISA_USAGE = YES_ERROR;
				CLANG_WARN_DOCUMENTATION_COMMENTS = YES;
				CLANG_WARN_EMPTY_BODY = YES;
				CLANG_WARN_ENUM_CONVERSION = YES;
				CLANG_WARN_INFINITE_RECURSION = YES;
				CLANG_WARN_INT_CONVERSION = YES;
				CLANG_WARN_NON_LITERAL_NULL_CONVERSION = YES;
				CLANG_WARN_OBJC_IMPLICIT_RETAIN_SELF = YES;
				CLANG_WARN_OBJC_LITERAL_CONVERSION = YES;
				CLANG_WARN_OBJC_ROOT_CLASS = YES_ERROR;
				CLANG_WARN_RANGE_LOOP_ANALYSIS = YES;
				CLANG_WARN_STRICT_PROTOTYPES = YES;
				CLANG_WARN_SUSPICIOUS_MOVE = YES;
				CLANG_WARN_UNGUARDED_AVAILABILITY = YES_AGGRESSIVE;
				CLANG_WARN_UNREACHABLE_CODE = YES;
				CLANG_WARN__DUPLICATE_METHOD_MATCH = YES;
				COPY_PHASE_STRIP = NO;
				DEBUG_INFORMATION_FORMAT = dwarf;
				ENABLE_STRICT_OBJC_MSGSEND = YES;
				ENABLE_TESTABILITY = YES;
				GCC_C_LANGUAGE_STANDARD = gnu11;
				GCC_DYNAMIC_NO_PIC = NO;
				GCC_NO_COMMON_BLOCKS = YES;
				GCC_OPTIMIZATION_LEVEL = 0;
				GCC_PREPROCESSOR_DEFINITIONS = (
					"DEBUG=1",
					"$(inherited)",
				);
				GCC_WARN_64_TO_32_BIT_CONVERSION = YES;
				GCC_WARN_ABOUT_RETURN_TYPE = YES_ERROR;
				GCC_WARN_UNDECLARED_SELECTOR = YES;
				GCC_WARN_UNINITIALIZED_AUTOS = YES_AGGRESSIVE;
				GCC_WARN_UNUSED_FUNCTION = YES;
				GCC_WARN_UNUSED_VARIABLE = YES;
				IPHONEOS_DEPLOYMENT_TARGET = 13.2;
				MTL_ENABLE_DEBUG_INFO = INCLUDE_SOURCE;
				MTL_FAST_MATH = YES;
				ONLY_ACTIVE_ARCH = YES;
				SDKROOT = iphoneos;
				SWIFT_ACTIVE_COMPILATION_CONDITIONS = DEBUG;
				SWIFT_OPTIMIZATION_LEVEL = "-Onone";
			};
			name = Debug;
		};
		1177A23823A1743900CA8428 /* Release */ = {
			isa = XCBuildConfiguration;
			buildSettings = {
				ALWAYS_SEARCH_USER_PATHS = NO;
				CLANG_ANALYZER_NONNULL = YES;
				CLANG_ANALYZER_NUMBER_OBJECT_CONVERSION = YES_AGGRESSIVE;
				CLANG_CXX_LANGUAGE_STANDARD = "gnu++14";
				CLANG_CXX_LIBRARY = "libc++";
				CLANG_ENABLE_MODULES = YES;
				CLANG_ENABLE_OBJC_ARC = YES;
				CLANG_ENABLE_OBJC_WEAK = YES;
				CLANG_WARN_BLOCK_CAPTURE_AUTORELEASING = YES;
				CLANG_WARN_BOOL_CONVERSION = YES;
				CLANG_WARN_COMMA = YES;
				CLANG_WARN_CONSTANT_CONVERSION = YES;
				CLANG_WARN_DEPRECATED_OBJC_IMPLEMENTATIONS = YES;
				CLANG_WARN_DIRECT_OBJC_ISA_USAGE = YES_ERROR;
				CLANG_WARN_DOCUMENTATION_COMMENTS = YES;
				CLANG_WARN_EMPTY_BODY = YES;
				CLANG_WARN_ENUM_CONVERSION = YES;
				CLANG_WARN_INFINITE_RECURSION = YES;
				CLANG_WARN_INT_CONVERSION = YES;
				CLANG_WARN_NON_LITERAL_NULL_CONVERSION = YES;
				CLANG_WARN_OBJC_IMPLICIT_RETAIN_SELF = YES;
				CLANG_WARN_OBJC_LITERAL_CONVERSION = YES;
				CLANG_WARN_OBJC_ROOT_CLASS = YES_ERROR;
				CLANG_WARN_RANGE_LOOP_ANALYSIS = YES;
				CLANG_WARN_STRICT_PROTOTYPES = YES;
				CLANG_WARN_SUSPICIOUS_MOVE = YES;
				CLANG_WARN_UNGUARDED_AVAILABILITY = YES_AGGRESSIVE;
				CLANG_WARN_UNREACHABLE_CODE = YES;
				CLANG_WARN__DUPLICATE_METHOD_MATCH = YES;
				COPY_PHASE_STRIP = NO;
				DEBUG_INFORMATION_FORMAT = "dwarf-with-dsym";
				ENABLE_NS_ASSERTIONS = NO;
				ENABLE_STRICT_OBJC_MSGSEND = YES;
				GCC_C_LANGUAGE_STANDARD = gnu11;
				GCC_NO_COMMON_BLOCKS = YES;
				GCC_WARN_64_TO_32_BIT_CONVERSION = YES;
				GCC_WARN_ABOUT_RETURN_TYPE = YES_ERROR;
				GCC_WARN_UNDECLARED_SELECTOR = YES;
				GCC_WARN_UNINITIALIZED_AUTOS = YES_AGGRESSIVE;
				GCC_WARN_UNUSED_FUNCTION = YES;
				GCC_WARN_UNUSED_VARIABLE = YES;
				IPHONEOS_DEPLOYMENT_TARGET = 13.2;
				MTL_ENABLE_DEBUG_INFO = NO;
				MTL_FAST_MATH = YES;
				SDKROOT = iphoneos;
				SWIFT_COMPILATION_MODE = wholemodule;
				SWIFT_OPTIMIZATION_LEVEL = "-O";
				VALIDATE_PRODUCT = YES;
			};
			name = Release;
		};
		1177A23A23A1743900CA8428 /* Debug */ = {
			isa = XCBuildConfiguration;
			buildSettings = {
				ASSETCATALOG_COMPILER_APPICON_NAME = AppIcon;
				CODE_SIGN_STYLE = Automatic;
				DEVELOPMENT_TEAM = 9L49SS68XP;
				INFOPLIST_FILE = InteractiveViewControllerTransitionExample/Info.plist;
				LD_RUNPATH_SEARCH_PATHS = (
					"$(inherited)",
					"@executable_path/Frameworks",
				);
				PRODUCT_BUNDLE_IDENTIFIER = com.ibotta.InteractiveViewControllerTransitionExample;
				PRODUCT_NAME = "$(TARGET_NAME)";
				SWIFT_VERSION = 5.0;
				TARGETED_DEVICE_FAMILY = "1,2";
			};
			name = Debug;
		};
		1177A23B23A1743900CA8428 /* Release */ = {
			isa = XCBuildConfiguration;
			buildSettings = {
				ASSETCATALOG_COMPILER_APPICON_NAME = AppIcon;
				CODE_SIGN_STYLE = Automatic;
				DEVELOPMENT_TEAM = 9L49SS68XP;
				INFOPLIST_FILE = InteractiveViewControllerTransitionExample/Info.plist;
				LD_RUNPATH_SEARCH_PATHS = (
					"$(inherited)",
					"@executable_path/Frameworks",
				);
				PRODUCT_BUNDLE_IDENTIFIER = com.ibotta.InteractiveViewControllerTransitionExample;
				PRODUCT_NAME = "$(TARGET_NAME)";
				SWIFT_VERSION = 5.0;
				TARGETED_DEVICE_FAMILY = "1,2";
			};
			name = Release;
		};
/* End XCBuildConfiguration section */

/* Begin XCConfigurationList section */
		1177A22023A1743900CA8428 /* Build configuration list for PBXProject "InteractiveViewControllerTransitionExample" */ = {
			isa = XCConfigurationList;
			buildConfigurations = (
				1177A23723A1743900CA8428 /* Debug */,
				1177A23823A1743900CA8428 /* Release */,
			);
			defaultConfigurationIsVisible = 0;
			defaultConfigurationName = Release;
		};
		1177A23923A1743900CA8428 /* Build configuration list for PBXNativeTarget "InteractiveViewControllerTransitionExample" */ = {
			isa = XCConfigurationList;
			buildConfigurations = (
				1177A23A23A1743900CA8428 /* Debug */,
				1177A23B23A1743900CA8428 /* Release */,
			);
			defaultConfigurationIsVisible = 0;
			defaultConfigurationName = Release;
		};
/* End XCConfigurationList section */
	};
	rootObject = 1177A21D23A1743900CA8428 /* Project object */;
}
